<?xml version="1.0" encoding="utf-8"?>
<Project ToolsVersion="4.0" xmlns="http://schemas.microsoft.com/developer/msbuild/2003">
  <ItemGroup>
    <Filter Include="Source Files">
      <UniqueIdentifier>{4FC737F1-C7A5-4376-A066-2A32D752A2FF}</UniqueIdentifier>
      <Extensions>cpp;c;cc;cxx;def;odl;idl;hpj;bat;asm;asmx</Extensions>
    </Filter>
    <Filter Include="Header Files">
      <UniqueIdentifier>{93995380-89BD-4b04-88EB-625FBE52EBFB}</UniqueIdentifier>
      <Extensions>h;hpp;hxx;hm;inl;inc;xsd</Extensions>
    </Filter>
    <Filter Include="Resource Files">
      <UniqueIdentifier>{67DA6AB6-F800-4c08-8B7A-83BB121AAD01}</UniqueIdentifier>
      <Extensions>rc;ico;cur;bmp;dlg;rc2;rct;bin;rgs;gif;jpg;jpeg;jpe;resx;tiff;tif;png;wav;mfcribbon-ms</Extensions>
    </Filter>
  </ItemGroup>
  <ItemGroup>
    <ClCompile Include="main.cpp">
      <Filter>Source Files</Filter>
    </ClCompile>
    <ClCompile Include="zvCamera.cpp">
      <Filter>Source Files</Filter>
    </ClCompile>
    <ClCompile Include="zvConsole.cpp">
      <Filter>Source Files</Filter>
    </ClCompile>
    <ClCompile Include="zvControl.cpp">
      <Filter>Source Files</Filter>
    </ClCompile>
    <ClCompile Include="zvGame.cpp">
      <Filter>Source Files</Filter>
    </ClCompile>
    <ClCompile Include="zvGUI.cpp">
      <Filter>Source Files</Filter>
    </ClCompile>
    <ClCompile Include="zvLoader.cpp">
      <Filter>Source Files</Filter>
    </ClCompile>
    <ClCompile Include="zvMath.cpp">
      <Filter>Source Files</Filter>
    </ClCompile>
    <ClCompile Include="zvObject.cpp">
      <Filter>Source Files</Filter>
    </ClCompile>
    <ClCompile Include="zvPhysics.cpp">
      <Filter>Source Files</Filter>
    </ClCompile>
    <ClCompile Include="zvSettings.cpp">
      <Filter>Source Files</Filter>
    </ClCompile>
    <ClCompile Include="zvUnits.cpp">
      <Filter>Source Files</Filter>
    </ClCompile>
  </ItemGroup>
  <ItemGroup>
    <ClInclude Include="zvCamera.h">
      <Filter>Header Files</Filter>
    </ClInclude>
    <ClInclude Include="zvConsole.h">
      <Filter>Header Files</Filter>
    </ClInclude>
    <ClInclude Include="zvControl.h">
      <Filter>Header Files</Filter>
    </ClInclude>
    <ClInclude Include="zvEnums.h">
      <Filter>Header Files</Filter>
    </ClInclude>
    <ClInclude Include="zvGame.h">
      <Filter>Header Files</Filter>
    </ClInclude>
    <ClInclude Include="zvGUI.h">
      <Filter>Header Files</Filter>
    </ClInclude>
    <ClInclude Include="zvLoader.h">
      <Filter>Header Files</Filter>
    </ClInclude>
    <ClInclude Include="zvMath.h">
      <Filter>Header Files</Filter>
    </ClInclude>
    <ClInclude Include="zvObject.h">
      <Filter>Header Files</Filter>
    </ClInclude>
    <ClInclude Include="zvPhysics.h">
      <Filter>Header Files</Filter>
    </ClInclude>
    <ClInclude Include="zvSettings.h">
      <Filter>Header Files</Filter>
    </ClInclude>
    <ClInclude Include="zvGlobal.h">
      <Filter>Header Files</Filter>
    </ClInclude>
    <ClInclude Include="zvUnits.h">
      <Filter>Header Files</Filter>
    </ClInclude>
  </ItemGroup>
  <ItemGroup>
    <None Include="ClassDiagram.cd" />
  </ItemGroup>
</Project>