
Microsoft Visual Studio Solution File, Format Version 12.00
# Visual Studio 2012
Project("{8BC9CEB8-8B4A-11D0-8D11-00A0C91BC942}") = "RTS", "RTS\RTS.vcxproj", "{585569C6-21FE-4FE8-966F-CBCB500803C1}"
EndProject
Global
	GlobalSection(SolutionConfigurationPlatforms) = preSolution
		Debug|Win32 = Debug|Win32
		Release|Win32 = Release|Win32
	EndGlobalSection
	GlobalSection(ProjectConfigurationPlatforms) = postSolution
		{585569C6-21FE-4FE8-966F-CBCB500803C1}.Debug|Win32.ActiveCfg = Debug|Win32
		{585569C6-21FE-4FE8-966F-CBCB500803C1}.Debug|Win32.Build.0 = Debug|Win32
		{585569C6-21FE-4FE8-966F-CBCB500803C1}.Release|Win32.ActiveCfg = Release|Win32
		{585569C6-21FE-4FE8-966F-CBCB500803C1}.Release|Win32.Build.0 = Release|Win32
	EndGlobalSection
	GlobalSection(SolutionProperties) = preSolution
		HideSolutionNode = FALSE
	EndGlobalSection
EndGlobal
